
Microsoft Visual Studio Solution File, Format Version 12.00
# Visual Studio Version 17
VisualStudioVersion = 17.2.32616.157
MinimumVisualStudioVersion = 10.0.40219.1
Project("{2150E333-8FDC-42A3-9474-1A3956D46DE8}") = "Behavioral", "Behavioral", "{1E506959-2FD5-4E80-9801-5C8E00DBAC52}"
EndProject
Project("{9A19103F-16F7-4668-BE54-9A1E7A4F7556}") = "ChainOfResponsibility", "ChainOfResponsibility\ChainOfResponsibility.csproj", "{F3177C24-10F6-4155-96E7-532F2CE11AD4}"
EndProject
Project("{9A19103F-16F7-4668-BE54-9A1E7A4F7556}") = "Command", "Command\Command.csproj", "{B4DBC16F-D414-409A-88FE-3A22DDF3BD42}"
EndProject
Project("{9A19103F-16F7-4668-BE54-9A1E7A4F7556}") = "Iterator", "Iterator\Iterator.csproj", "{661D00E9-3FD9-4AB8-BAEC-431314C46978}"
EndProject
Project("{9A19103F-16F7-4668-BE54-9A1E7A4F7556}") = "Mediator", "Mediator\Mediator.csproj", "{97AD6752-D2F6-47B0-AE1E-B7C34F41CE9D}"
EndProject
Project("{9A19103F-16F7-4668-BE54-9A1E7A4F7556}") = "Memento", "Memento\Memento.csproj", "{1A3CC049-FD6F-400E-B338-C3FFD68EAE52}"
EndProject
Project("{FAE04EC0-301F-11D3-BF4B-00C04F79EFBC}") = "Observer", "Observer\Observer.csproj", "{0430AAFB-D22E-4B18-81E1-ECE3FF99959F}"
EndProject
Project("{9A19103F-16F7-4668-BE54-9A1E7A4F7556}") = "State", "State\State.csproj", "{475E2712-E54C-47D4-B93A-27CF5D86F2A7}"
EndProject
Global
	GlobalSection(SolutionConfigurationPlatforms) = preSolution
		Debug|Any CPU = Debug|Any CPU
		Release|Any CPU = Release|Any CPU
	EndGlobalSection
	GlobalSection(ProjectConfigurationPlatforms) = postSolution
		{F3177C24-10F6-4155-96E7-532F2CE11AD4}.Debug|Any CPU.ActiveCfg = Debug|Any CPU
		{F3177C24-10F6-4155-96E7-532F2CE11AD4}.Debug|Any CPU.Build.0 = Debug|Any CPU
		{F3177C24-10F6-4155-96E7-532F2CE11AD4}.Release|Any CPU.ActiveCfg = Release|Any CPU
		{F3177C24-10F6-4155-96E7-532F2CE11AD4}.Release|Any CPU.Build.0 = Release|Any CPU
		{B4DBC16F-D414-409A-88FE-3A22DDF3BD42}.Debug|Any CPU.ActiveCfg = Debug|Any CPU
		{B4DBC16F-D414-409A-88FE-3A22DDF3BD42}.Debug|Any CPU.Build.0 = Debug|Any CPU
		{B4DBC16F-D414-409A-88FE-3A22DDF3BD42}.Release|Any CPU.ActiveCfg = Release|Any CPU
		{B4DBC16F-D414-409A-88FE-3A22DDF3BD42}.Release|Any CPU.Build.0 = Release|Any CPU
		{661D00E9-3FD9-4AB8-BAEC-431314C46978}.Debug|Any CPU.ActiveCfg = Debug|Any CPU
		{661D00E9-3FD9-4AB8-BAEC-431314C46978}.Debug|Any CPU.Build.0 = Debug|Any CPU
		{661D00E9-3FD9-4AB8-BAEC-431314C46978}.Release|Any CPU.ActiveCfg = Release|Any CPU
		{661D00E9-3FD9-4AB8-BAEC-431314C46978}.Release|Any CPU.Build.0 = Release|Any CPU
		{97AD6752-D2F6-47B0-AE1E-B7C34F41CE9D}.Debug|Any CPU.ActiveCfg = Debug|Any CPU
		{97AD6752-D2F6-47B0-AE1E-B7C34F41CE9D}.Debug|Any CPU.Build.0 = Debug|Any CPU
		{97AD6752-D2F6-47B0-AE1E-B7C34F41CE9D}.Release|Any CPU.ActiveCfg = Release|Any CPU
		{97AD6752-D2F6-47B0-AE1E-B7C34F41CE9D}.Release|Any CPU.Build.0 = Release|Any CPU
		{1A3CC049-FD6F-400E-B338-C3FFD68EAE52}.Debug|Any CPU.ActiveCfg = Debug|Any CPU
		{1A3CC049-FD6F-400E-B338-C3FFD68EAE52}.Debug|Any CPU.Build.0 = Debug|Any CPU
		{1A3CC049-FD6F-400E-B338-C3FFD68EAE52}.Release|Any CPU.ActiveCfg = Release|Any CPU
		{1A3CC049-FD6F-400E-B338-C3FFD68EAE52}.Release|Any CPU.Build.0 = Release|Any CPU
		{0430AAFB-D22E-4B18-81E1-ECE3FF99959F}.Debug|Any CPU.ActiveCfg = Debug|Any CPU
		{0430AAFB-D22E-4B18-81E1-ECE3FF99959F}.Debug|Any CPU.Build.0 = Debug|Any CPU
		{0430AAFB-D22E-4B18-81E1-ECE3FF99959F}.Release|Any CPU.ActiveCfg = Release|Any CPU
		{0430AAFB-D22E-4B18-81E1-ECE3FF99959F}.Release|Any CPU.Build.0 = Release|Any CPU
		{475E2712-E54C-47D4-B93A-27CF5D86F2A7}.Debug|Any CPU.ActiveCfg = Debug|Any CPU
		{475E2712-E54C-47D4-B93A-27CF5D86F2A7}.Debug|Any CPU.Build.0 = Debug|Any CPU
		{475E2712-E54C-47D4-B93A-27CF5D86F2A7}.Release|Any CPU.ActiveCfg = Release|Any CPU
		{475E2712-E54C-47D4-B93A-27CF5D86F2A7}.Release|Any CPU.Build.0 = Release|Any CPU
	EndGlobalSection
	GlobalSection(SolutionProperties) = preSolution
		HideSolutionNode = FALSE
	EndGlobalSection
	GlobalSection(NestedProjects) = preSolution
		{F3177C24-10F6-4155-96E7-532F2CE11AD4} = {1E506959-2FD5-4E80-9801-5C8E00DBAC52}
		{B4DBC16F-D414-409A-88FE-3A22DDF3BD42} = {1E506959-2FD5-4E80-9801-5C8E00DBAC52}
		{661D00E9-3FD9-4AB8-BAEC-431314C46978} = {1E506959-2FD5-4E80-9801-5C8E00DBAC52}
		{97AD6752-D2F6-47B0-AE1E-B7C34F41CE9D} = {1E506959-2FD5-4E80-9801-5C8E00DBAC52}
		{1A3CC049-FD6F-400E-B338-C3FFD68EAE52} = {1E506959-2FD5-4E80-9801-5C8E00DBAC52}
		{0430AAFB-D22E-4B18-81E1-ECE3FF99959F} = {1E506959-2FD5-4E80-9801-5C8E00DBAC52}
		{475E2712-E54C-47D4-B93A-27CF5D86F2A7} = {1E506959-2FD5-4E80-9801-5C8E00DBAC52}
	EndGlobalSection
	GlobalSection(ExtensibilityGlobals) = postSolution
		SolutionGuid = {DBEB6E82-3BC7-418E-99F7-0562FD7E9CCC}
	EndGlobalSection
EndGlobal
